
Microsoft Visual Studio Solution File, Format Version 12.00
# Visual Studio Version 17
VisualStudioVersion = 17.7.34202.233
MinimumVisualStudioVersion = 10.0.40219.1
Project("{FAE04EC0-301F-11D3-BF4B-00C04F79EFBC}") = "CS311_Project2_BTA", "CS311_Project2_BTA.csproj", "{D05B1E90-006B-4B25-930C-DB79FFA25127}"
EndProject
Global
	GlobalSection(SolutionConfigurationPlatforms) = preSolution
		Debug|Any CPU = Debug|Any CPU
		Release|Any CPU = Release|Any CPU
	EndGlobalSection
	GlobalSection(ProjectConfigurationPlatforms) = postSolution
		{D05B1E90-006B-4B25-930C-DB79FFA25127}.Debug|Any CPU.ActiveCfg = Debug|Any CPU
		{D05B1E90-006B-4B25-930C-DB79FFA25127}.Debug|Any CPU.Build.0 = Debug|Any CPU
		{D05B1E90-006B-4B25-930C-DB79FFA25127}.Release|Any CPU.ActiveCfg = Release|Any CPU
		{D05B1E90-006B-4B25-930C-DB79FFA25127}.Release|Any CPU.Build.0 = Release|Any CPU
	EndGlobalSection
	GlobalSection(SolutionProperties) = preSolution
		HideSolutionNode = FALSE
	EndGlobalSection
	GlobalSection(ExtensibilityGlobals) = postSolution
		SolutionGuid = {C129D31F-8E2B-4E71-800C-0EA07323A70B}
	EndGlobalSection
EndGlobal
